
Microsoft Visual Studio Solution File, Format Version 12.00
# Visual Studio Version 17
VisualStudioVersion = 17.14.36121.58
MinimumVisualStudioVersion = 10.0.40219.1
Project("{2150E333-8FDC-42A3-9474-1A3956D46DE8}") = "src", "src", "{02EA681E-C7D8-13C7-8484-4AC65E1B71E8}"
EndProject
Project("{2150E333-8FDC-42A3-9474-1A3956D46DE8}") = "Backend", "Backend", "{0EEAFE9F-113A-4224-A8BF-47FB05918C0A}"
EndProject
Project("{2150E333-8FDC-42A3-9474-1A3956D46DE8}") = "tests", "tests", "{FDACDD43-C057-47CD-B683-CA234E3F3CDD}"
EndProject
Project("{2150E333-8FDC-42A3-9474-1A3956D46DE8}") = "Shared", "Shared", "{374B7C76-FC2B-4A45-B938-97D097DC4647}"
EndProject
Project("{FAE04EC0-301F-11D3-BF4B-00C04F79EFBC}") = "GerenciamentoDeOfertas.API", "src\Backend\GerenciamentoDeOfertas.API\GerenciamentoDeOfertas.API.csproj", "{FB5F71DD-C250-4908-87B7-F64580014DA2}"
EndProject
Project("{FAE04EC0-301F-11D3-BF4B-00C04F79EFBC}") = "GerenciamentoDeOfertas.Domain", "src\Backend\GerenciamentoDeOfertas.Domain\GerenciamentoDeOfertas.Domain.csproj", "{A06D229F-982E-4335-9948-5215A814EE7A}"
EndProject
Project("{FAE04EC0-301F-11D3-BF4B-00C04F79EFBC}") = "GerenciamentoDeOfertas.Application", "src\Backend\GerenciamentoDeOfertas.Application\GerenciamentoDeOfertas.Application.csproj", "{654505A9-C7AF-43D3-B21A-922D692E9DF4}"
EndProject
Project("{FAE04EC0-301F-11D3-BF4B-00C04F79EFBC}") = "GerenciamentoDeOfertas.Infrastructure", "src\Backend\GerenciamentoDeOfertas.Infrastructure\GerenciamentoDeOfertas.Infrastructure.csproj", "{DAC640C5-9044-4631-B980-DEC7F347AA53}"
EndProject
Project("{FAE04EC0-301F-11D3-BF4B-00C04F79EFBC}") = "GerenciamentoDeOfertas.Communication", "src\Shared\GerenciamentoDeOfertas.Communication\GerenciamentoDeOfertas.Communication.csproj", "{CA2E003F-29B1-4E3E-81C0-310AB1E9DE5F}"
EndProject
Project("{FAE04EC0-301F-11D3-BF4B-00C04F79EFBC}") = "GerenciamentoDeOfertas.Exceptions", "src\Shared\GerenciamentoDeOfertas.Exceptions\GerenciamentoDeOfertas.Exceptions.csproj", "{9AEB7FD8-23C8-4334-AB03-82304ABBE2D2}"
EndProject
Project("{FAE04EC0-301F-11D3-BF4B-00C04F79EFBC}") = "CommonTestUtilities", "tests\CommonTestUtilities\CommonTestUtilities.csproj", "{6B0A4CBF-0821-48D4-9715-33F746CC0CE6}"
EndProject
Project("{FAE04EC0-301F-11D3-BF4B-00C04F79EFBC}") = "Validators.Test", "tests\Validators.Test\Validators.Test.csproj", "{83A3C878-837C-4A64-ADE1-C64437339E74}"
EndProject
Project("{FAE04EC0-301F-11D3-BF4B-00C04F79EFBC}") = "UseCases.Test", "tests\UseCases.Test\UseCases.Test.csproj", "{2018D3F4-5DCD-4301-85AD-D243A8496909}"
EndProject
Global
	GlobalSection(SolutionConfigurationPlatforms) = preSolution
		Debug|Any CPU = Debug|Any CPU
		Release|Any CPU = Release|Any CPU
	EndGlobalSection
	GlobalSection(ProjectConfigurationPlatforms) = postSolution
		{FB5F71DD-C250-4908-87B7-F64580014DA2}.Debug|Any CPU.ActiveCfg = Debug|Any CPU
		{FB5F71DD-C250-4908-87B7-F64580014DA2}.Debug|Any CPU.Build.0 = Debug|Any CPU
		{FB5F71DD-C250-4908-87B7-F64580014DA2}.Release|Any CPU.ActiveCfg = Release|Any CPU
		{FB5F71DD-C250-4908-87B7-F64580014DA2}.Release|Any CPU.Build.0 = Release|Any CPU
		{A06D229F-982E-4335-9948-5215A814EE7A}.Debug|Any CPU.ActiveCfg = Debug|Any CPU
		{A06D229F-982E-4335-9948-5215A814EE7A}.Debug|Any CPU.Build.0 = Debug|Any CPU
		{A06D229F-982E-4335-9948-5215A814EE7A}.Release|Any CPU.ActiveCfg = Release|Any CPU
		{A06D229F-982E-4335-9948-5215A814EE7A}.Release|Any CPU.Build.0 = Release|Any CPU
		{654505A9-C7AF-43D3-B21A-922D692E9DF4}.Debug|Any CPU.ActiveCfg = Debug|Any CPU
		{654505A9-C7AF-43D3-B21A-922D692E9DF4}.Debug|Any CPU.Build.0 = Debug|Any CPU
		{654505A9-C7AF-43D3-B21A-922D692E9DF4}.Release|Any CPU.ActiveCfg = Release|Any CPU
		{654505A9-C7AF-43D3-B21A-922D692E9DF4}.Release|Any CPU.Build.0 = Release|Any CPU
		{DAC640C5-9044-4631-B980-DEC7F347AA53}.Debug|Any CPU.ActiveCfg = Debug|Any CPU
		{DAC640C5-9044-4631-B980-DEC7F347AA53}.Debug|Any CPU.Build.0 = Debug|Any CPU
		{DAC640C5-9044-4631-B980-DEC7F347AA53}.Release|Any CPU.ActiveCfg = Release|Any CPU
		{DAC640C5-9044-4631-B980-DEC7F347AA53}.Release|Any CPU.Build.0 = Release|Any CPU
		{CA2E003F-29B1-4E3E-81C0-310AB1E9DE5F}.Debug|Any CPU.ActiveCfg = Debug|Any CPU
		{CA2E003F-29B1-4E3E-81C0-310AB1E9DE5F}.Debug|Any CPU.Build.0 = Debug|Any CPU
		{CA2E003F-29B1-4E3E-81C0-310AB1E9DE5F}.Release|Any CPU.ActiveCfg = Release|Any CPU
		{CA2E003F-29B1-4E3E-81C0-310AB1E9DE5F}.Release|Any CPU.Build.0 = Release|Any CPU
		{9AEB7FD8-23C8-4334-AB03-82304ABBE2D2}.Debug|Any CPU.ActiveCfg = Debug|Any CPU
		{9AEB7FD8-23C8-4334-AB03-82304ABBE2D2}.Debug|Any CPU.Build.0 = Debug|Any CPU
		{9AEB7FD8-23C8-4334-AB03-82304ABBE2D2}.Release|Any CPU.ActiveCfg = Release|Any CPU
		{9AEB7FD8-23C8-4334-AB03-82304ABBE2D2}.Release|Any CPU.Build.0 = Release|Any CPU
		{6B0A4CBF-0821-48D4-9715-33F746CC0CE6}.Debug|Any CPU.ActiveCfg = Debug|Any CPU
		{6B0A4CBF-0821-48D4-9715-33F746CC0CE6}.Debug|Any CPU.Build.0 = Debug|Any CPU
		{6B0A4CBF-0821-48D4-9715-33F746CC0CE6}.Release|Any CPU.ActiveCfg = Release|Any CPU
		{6B0A4CBF-0821-48D4-9715-33F746CC0CE6}.Release|Any CPU.Build.0 = Release|Any CPU
		{83A3C878-837C-4A64-ADE1-C64437339E74}.Debug|Any CPU.ActiveCfg = Debug|Any CPU
		{83A3C878-837C-4A64-ADE1-C64437339E74}.Debug|Any CPU.Build.0 = Debug|Any CPU
		{83A3C878-837C-4A64-ADE1-C64437339E74}.Release|Any CPU.ActiveCfg = Release|Any CPU
		{83A3C878-837C-4A64-ADE1-C64437339E74}.Release|Any CPU.Build.0 = Release|Any CPU
		{2018D3F4-5DCD-4301-85AD-D243A8496909}.Debug|Any CPU.ActiveCfg = Debug|Any CPU
		{2018D3F4-5DCD-4301-85AD-D243A8496909}.Debug|Any CPU.Build.0 = Debug|Any CPU
		{2018D3F4-5DCD-4301-85AD-D243A8496909}.Release|Any CPU.ActiveCfg = Release|Any CPU
		{2018D3F4-5DCD-4301-85AD-D243A8496909}.Release|Any CPU.Build.0 = Release|Any CPU
	EndGlobalSection
	GlobalSection(SolutionProperties) = preSolution
		HideSolutionNode = FALSE
	EndGlobalSection
	GlobalSection(NestedProjects) = preSolution
		{0EEAFE9F-113A-4224-A8BF-47FB05918C0A} = {02EA681E-C7D8-13C7-8484-4AC65E1B71E8}
		{374B7C76-FC2B-4A45-B938-97D097DC4647} = {02EA681E-C7D8-13C7-8484-4AC65E1B71E8}
		{FB5F71DD-C250-4908-87B7-F64580014DA2} = {0EEAFE9F-113A-4224-A8BF-47FB05918C0A}
		{A06D229F-982E-4335-9948-5215A814EE7A} = {0EEAFE9F-113A-4224-A8BF-47FB05918C0A}
		{654505A9-C7AF-43D3-B21A-922D692E9DF4} = {0EEAFE9F-113A-4224-A8BF-47FB05918C0A}
		{DAC640C5-9044-4631-B980-DEC7F347AA53} = {0EEAFE9F-113A-4224-A8BF-47FB05918C0A}
		{CA2E003F-29B1-4E3E-81C0-310AB1E9DE5F} = {374B7C76-FC2B-4A45-B938-97D097DC4647}
		{9AEB7FD8-23C8-4334-AB03-82304ABBE2D2} = {374B7C76-FC2B-4A45-B938-97D097DC4647}
		{6B0A4CBF-0821-48D4-9715-33F746CC0CE6} = {FDACDD43-C057-47CD-B683-CA234E3F3CDD}
		{83A3C878-837C-4A64-ADE1-C64437339E74} = {FDACDD43-C057-47CD-B683-CA234E3F3CDD}
		{2018D3F4-5DCD-4301-85AD-D243A8496909} = {FDACDD43-C057-47CD-B683-CA234E3F3CDD}
	EndGlobalSection
	GlobalSection(ExtensibilityGlobals) = postSolution
		SolutionGuid = {88A00666-0EC6-4898-A5B6-9C392B2D11ED}
	EndGlobalSection
EndGlobal
